<?xml version="1.0" encoding="utf-8"?>
<Project ToolsVersion="4.0" xmlns="http://schemas.microsoft.com/developer/msbuild/2003">
  <ItemGroup>
    <Filter Include="Source Files">
      <UniqueIdentifier>{a4676fca-4119-410c-bb38-bc93d796e1dd}</UniqueIdentifier>
      <Extensions>cpp;c;cxx;rc;def;r;odl;idl;hpj;bat</Extensions>
    </Filter>
    <Filter Include="Header Files">
      <UniqueIdentifier>{b6328358-1db5-4ad7-bbc1-fe045f83a9a9}</UniqueIdentifier>
      <Extensions>h;hpp;hxx;hm;inl</Extensions>
    </Filter>
    <Filter Include="Resource Files">
      <UniqueIdentifier>{1d38f05d-e364-4bf2-9540-6e236dbf4fb8}</UniqueIdentifier>
      <Extensions>ico;cur;bmp;dlg;rc2;rct;bin;rgs;gif;jpg;jpeg;jpe</Extensions>
    </Filter>
  </ItemGroup>
  <ItemGroup>
    <ClCompile Include="BrowseDir.cpp">
      <Filter>Source Files</Filter>
    </ClCompile>
    <ClCompile Include="GetPCResours.cpp">
      <Filter>Source Files</Filter>
    </ClCompile>
    <ClCompile Include="LogicCommon.cpp">
      <Filter>Source Files</Filter>
    </ClCompile>
    <ClCompile Include="LogicRecvCtrl.cpp">
      <Filter>Source Files</Filter>
    </ClCompile>
    <ClCompile Include="LogicRecvDisp.cpp">
      <Filter>Source Files</Filter>
    </ClCompile>
    <ClCompile Include="LogicRecvFuns.cpp">
      <Filter>Source Files</Filter>
    </ClCompile>
    <ClCompile Include="MyDes.cpp">
      <Filter>Source Files</Filter>
    </ClCompile>
    <ClCompile Include="MyFTP.cpp">
      <Filter>Source Files</Filter>
    </ClCompile>
    <ClCompile Include="NTAgent3.cpp">
      <Filter>Source Files</Filter>
    </ClCompile>
    <ClCompile Include="NTAgent3Dlg.cpp">
      <Filter>Source Files</Filter>
    </ClCompile>
    <ClCompile Include="NTLogic.cpp">
      <Filter>Source Files</Filter>
    </ClCompile>
    <ClCompile Include="NTTRACE.cpp">
      <Filter>Source Files</Filter>
    </ClCompile>
    <ClCompile Include="Pack.cpp">
      <Filter>Source Files</Filter>
    </ClCompile>
    <ClCompile Include="PackXML.cpp">
      <Filter>Source Files</Filter>
    </ClCompile>
    <ClCompile Include="Prop0.cpp">
      <Filter>Source Files</Filter>
    </ClCompile>
    <ClCompile Include="Prop1.cpp">
      <Filter>Source Files</Filter>
    </ClCompile>
    <ClCompile Include="Prop2.cpp">
      <Filter>Source Files</Filter>
    </ClCompile>
    <ClCompile Include="Prop3.cpp">
      <Filter>Source Files</Filter>
    </ClCompile>
    <ClCompile Include="StdAfx.cpp">
      <Filter>Source Files</Filter>
    </ClCompile>
    <ClCompile Include="Subclass.cpp">
      <Filter>Source Files</Filter>
    </ClCompile>
    <ClCompile Include="SysStatus.cpp">
      <Filter>Source Files</Filter>
    </ClCompile>
    <ClCompile Include="TabSheet.cpp">
      <Filter>Source Files</Filter>
    </ClCompile>
    <ClCompile Include="TCPServer.cpp">
      <Filter>Source Files</Filter>
    </ClCompile>
    <ClCompile Include="TestDlg.cpp">
      <Filter>Source Files</Filter>
    </ClCompile>
    <ClCompile Include="TrayIcon.cpp">
      <Filter>Source Files</Filter>
    </ClCompile>
    <ClCompile Include="UDPServer.cpp">
      <Filter>Source Files</Filter>
    </ClCompile>
  </ItemGroup>
  <ItemGroup>
    <ResourceCompile Include="NTAgent3.rc">
      <Filter>Source Files</Filter>
    </ResourceCompile>
  </ItemGroup>
  <ItemGroup>
    <ClInclude Include="BrowseDir.h">
      <Filter>Header Files</Filter>
    </ClInclude>
    <ClInclude Include="general.h">
      <Filter>Header Files</Filter>
    </ClInclude>
    <ClInclude Include="GetPCResours.h">
      <Filter>Header Files</Filter>
    </ClInclude>
    <ClInclude Include="LogicCommon.h">
      <Filter>Header Files</Filter>
    </ClInclude>
    <ClInclude Include="LogicRecvCtrl.h">
      <Filter>Header Files</Filter>
    </ClInclude>
    <ClInclude Include="LogicRecvDisp.h">
      <Filter>Header Files</Filter>
    </ClInclude>
    <ClInclude Include="LogicRecvFuns.h">
      <Filter>Header Files</Filter>
    </ClInclude>
    <ClInclude Include="MyDes.h">
      <Filter>Header Files</Filter>
    </ClInclude>
    <ClInclude Include="MyFTP.h">
      <Filter>Header Files</Filter>
    </ClInclude>
    <ClInclude Include="NTAgent3.h">
      <Filter>Header Files</Filter>
    </ClInclude>
    <ClInclude Include="NTAgent3Dlg.h">
      <Filter>Header Files</Filter>
    </ClInclude>
    <ClInclude Include="NTLogic.h">
      <Filter>Header Files</Filter>
    </ClInclude>
    <ClInclude Include="NTTRACE.h">
      <Filter>Header Files</Filter>
    </ClInclude>
    <ClInclude Include="NTXFS_ALL.H">
      <Filter>Header Files</Filter>
    </ClInclude>
    <ClInclude Include="Pack.h">
      <Filter>Header Files</Filter>
    </ClInclude>
    <ClInclude Include="PackXML.h">
      <Filter>Header Files</Filter>
    </ClInclude>
    <ClInclude Include="Prop0.h">
      <Filter>Header Files</Filter>
    </ClInclude>
    <ClInclude Include="Prop1.h">
      <Filter>Header Files</Filter>
    </ClInclude>
    <ClInclude Include="Prop2.h">
      <Filter>Header Files</Filter>
    </ClInclude>
    <ClInclude Include="Prop3.h">
      <Filter>Header Files</Filter>
    </ClInclude>
    <ClInclude Include="Resource.h">
      <Filter>Header Files</Filter>
    </ClInclude>
    <ClInclude Include="StdAfx.h">
      <Filter>Header Files</Filter>
    </ClInclude>
    <ClInclude Include="Subclass.h">
      <Filter>Header Files</Filter>
    </ClInclude>
    <ClInclude Include="SysStatus.h">
      <Filter>Header Files</Filter>
    </ClInclude>
    <ClInclude Include="TabSheet.h">
      <Filter>Header Files</Filter>
    </ClInclude>
    <ClInclude Include="TCPServer.h">
      <Filter>Header Files</Filter>
    </ClInclude>
    <ClInclude Include="TestDlg.h">
      <Filter>Header Files</Filter>
    </ClInclude>
    <ClInclude Include="TrayIcon.h">
      <Filter>Header Files</Filter>
    </ClInclude>
    <ClInclude Include="UDPServer.h">
      <Filter>Header Files</Filter>
    </ClInclude>
  </ItemGroup>
  <ItemGroup>
    <CustomBuild Include="res\agent.ico">
      <Filter>Resource Files</Filter>
    </CustomBuild>
    <CustomBuild Include="res\ebringlogo.bmp">
      <Filter>Resource Files</Filter>
    </CustomBuild>
    <CustomBuild Include="res\icon1.ico">
      <Filter>Resource Files</Filter>
    </CustomBuild>
    <CustomBuild Include="res\NTAgent3.ico">
      <Filter>Resource Files</Filter>
    </CustomBuild>
    <CustomBuild Include="res\NTAgent3.rc2">
      <Filter>Resource Files</Filter>
    </CustomBuild>
    <CustomBuild Include="ReadMe.txt" />
  </ItemGroup>
</Project>